
Microsoft Visual Studio Solution File, Format Version 12.00
# Visual Studio 15
VisualStudioVersion = 15.0.28010.2016
MinimumVisualStudioVersion = 10.0.40219.1
Project("{FAE04EC0-301F-11D3-BF4B-00C04F79EFBC}") = "SixdofPathDataSendApp", "SixdofPathDataSendApp\SixdofPathDataSendApp.csproj", "{5CBCD4F9-94A1-42C5-AA4B-F3B511EC32FF}"
EndProject
Global
	GlobalSection(SolutionConfigurationPlatforms) = preSolution
		Debug|Any CPU = Debug|Any CPU
		Release|Any CPU = Release|Any CPU
	EndGlobalSection
	GlobalSection(ProjectConfigurationPlatforms) = postSolution
		{5CBCD4F9-94A1-42C5-AA4B-F3B511EC32FF}.Debug|Any CPU.ActiveCfg = Debug|Any CPU
		{5CBCD4F9-94A1-42C5-AA4B-F3B511EC32FF}.Debug|Any CPU.Build.0 = Debug|Any CPU
		{5CBCD4F9-94A1-42C5-AA4B-F3B511EC32FF}.Release|Any CPU.ActiveCfg = Release|Any CPU
		{5CBCD4F9-94A1-42C5-AA4B-F3B511EC32FF}.Release|Any CPU.Build.0 = Release|Any CPU
	EndGlobalSection
	GlobalSection(SolutionProperties) = preSolution
		HideSolutionNode = FALSE
	EndGlobalSection
	GlobalSection(ExtensibilityGlobals) = postSolution
		SolutionGuid = {38DF60E7-3B77-42E3-A1E6-40BC4705F69D}
	EndGlobalSection
EndGlobal
